github.com/lunixbochs/struc v0.0.0-20200707160740-784aaebc1d40 h1:EnfXoSqDfSNJv0VBNqY/88RNnhSGYkrHaO0mmFGbVsc=
github.com/lunixbochs/struc v0.0.0-20200707160740-784aaebc1d40/go.mod h1:vy1vK6wD6j7xX6O6hXe621WabdtNkou2h7uRtTfRMyg=
github.com/nakagami/grdp v0.3.9 h1:6oxmDZWk+auqCX1qjwz7r6UdkmIx02X6rJL3/zCLIAU=
github.com/nakagami/grdp v0.3.9/go.mod h1:QC6seo8SkXi+vhVhQG4P49bY6s/gRVYAd0OIxZMYOEI=
github.com/nakagami/grdp v0.4.0 h1:fLT1+/3eqIoRdn/jUJdRFl2X0w5Fe/M1zPVqmGXSoJQ=
github.com/nakagami/grdp v0.4.0/go.mod h1:QC6seo8SkXi+vhVhQG4P49bY6s/gRVYAd0OIxZMYOEI=
github.com/nakagami/grdp v0.4.1 h1:CcuTaUAX+DdJnnpamYI9f5uXwGmIjnSCi/eQJnJAHKM=
github.com/nakagami/grdp v0.4.1/go.mod h1:QC6seo8SkXi+vhVhQG4P49bY6s/gRVYAd0OIxZMYOEI=
github.com/nakagami/grdp v0.4.2 h1:7szRIozMBTeO5x5mXPRWjM8RJQUl+FMiUj7YrYSZhZY=
github.com/nakagami/grdp v0.4.2/go.mod h1:QC6seo8SkXi+vhVhQG4P49bY6s/gRVYAd0OIxZMYOEI=
github.com/nakagami/grdp v0.4.3 h1:yFUleEqDnd4BndZVQLZtAC5TtOH/c/mtwQExD8Int3Q=
github.com/nakagami/grdp v0.4.3/go.mod h1:QC6seo8SkXi+vhVhQG4P49bY6s/gRVYAd0OIxZMYOEI=
github.com/nakagami/grdp v0.4.4 h1:Wr4aohOhtpgw8n7gZG6xaMkwXBFA5ia4oZmbq8Jd7gc=
github.com/nakagami/grdp v0.4.4/go.mod h1:QC6seo8SkXi+vhVhQG4P49bY6s/gRVYAd0OIxZMYOEI=
github.com/nakagami/grdp v0.4.5 h1:/B7EyzxhB/TwJm655EFn+5b1HQy9PLh4CRLvcYAJZJo=
github.com/nakagami/grdp v0.4.5/go.mod h1:QC6seo8SkXi+vhVhQG4P49bY6s/gRVYAd0OIxZMYOEI=
github.com/nakagami/grdp v0.4.7 h1:UZkkWQMEpmZpQF199d6phgJboi2ULChJvNYhj8Im/54=
github.com/nakagami/grdp v0.4.7/go.mod h1:SjdU4gLXiV0YGAkDYnx9Vt56GawWM6FnbUkiVMr98T0=
github.com/nakagami/grdp v0.4.8 h1:yeeq6AHV3xfjGYmx0uBlZwsaUXvHku4bXpa6dwmIqOQ=
github.com/nakagami/grdp v0.4.8/go.mod h1:VPXweQTwl59SNNdeLM4KSzXpX63q6aq3toA5y+meq48=
github.com/nakagami/grdp v0.4.9 h1:8UPWq57OknpFY0PWrWbbyRLXEqdEKXi927Ky/C75/O8=
github.com/nakagami/grdp v0.4.9/go.mod h1:AMIBirYC/0EpvRufWqG5ISRHai43WdMoAxzSQomO2sc=
github.com/nakagami/grdp v0.5.0 h1:XwOAV+qq+1+ygplUhezL02dglp6Ebuu/edYSO3MVnBQ=
github.com/nakagami/grdp v0.5.0/go.mod h1:AMIBirYC/0EpvRufWqG5ISRHai43WdMoAxzSQomO2sc=
github.com/veandco/go-sdl2 v0.4.40 h1:fZv6wC3zz1Xt167P09gazawnpa0KY5LM7JAvKpX9d/U=
github.com/veandco/go-sdl2 v0.4.40/go.mod h1:OROqMhHD43nT4/i9crJukyVecjPNYYuCofep6SNiAjY=
golang.org/x/crypto v0.0.0-20220622213112-05595931fe9d h1:sK3txAijHtOK88l68nt020reeT1ZdKLIYetKl95FzVY=
golang.org/x/crypto v0.0.0-20220622213112-05595931fe9d/go.mod h1:IxCIyHEi3zRg3s0A5j5BB6A9Jmi73HwBIUl50j+osU4=
