github.com/lunixbochs/struc v0.0.0-20200707160740-784aaebc1d40 h1:EnfXoSqDfSNJv0VBNqY/88RNnhSGYkrHaO0mmFGbVsc=
github.com/lunixbochs/struc v0.0.0-20200707160740-784aaebc1d40/go.mod h1:vy1vK6wD6j7xX6O6hXe621WabdtNkou2h7uRtTfRMyg=
github.com/nakagami/grdp v0.7.18 h1:Z8ug/uBn2zcqPoGJDrQemK/jnDunmqTCmW1SIM/523Y=
github.com/nakagami/grdp v0.7.18/go.mod h1:AMIBirYC/0EpvRufWqG5ISRHai43WdMoAxzSQomO2sc=
github.com/nakagami/grdp v0.7.19 h1:m4qiIKmrMEhmqtzvCENuZLJuft0QxmdkpU3VuY9G07Y=
github.com/nakagami/grdp v0.7.19/go.mod h1:AMIBirYC/0EpvRufWqG5ISRHai43WdMoAxzSQomO2sc=
github.com/nakagami/grdp v0.7.20 h1:NrB7Sdvac1T/QyUPMfUXTNgJBg8cC6jLeuVtLuEypZM=
github.com/nakagami/grdp v0.7.20/go.mod h1:AMIBirYC/0EpvRufWqG5ISRHai43WdMoAxzSQomO2sc=
github.com/nakagami/grdp v0.7.22 h1:uJ4/5cveg4ejmSfpc8LQHwyAkLBF6ciX8gjuXXF87/I=
github.com/nakagami/grdp v0.7.22/go.mod h1:AMIBirYC/0EpvRufWqG5ISRHai43WdMoAxzSQomO2sc=
github.com/veandco/go-sdl2 v0.4.40 h1:fZv6wC3zz1Xt167P09gazawnpa0KY5LM7JAvKpX9d/U=
github.com/veandco/go-sdl2 v0.4.40/go.mod h1:OROqMhHD43nT4/i9crJukyVecjPNYYuCofep6SNiAjY=
golang.org/x/crypto v0.0.0-20220622213112-05595931fe9d h1:sK3txAijHtOK88l68nt020reeT1ZdKLIYetKl95FzVY=
golang.org/x/crypto v0.0.0-20220622213112-05595931fe9d/go.mod h1:IxCIyHEi3zRg3s0A5j5BB6A9Jmi73HwBIUl50j+osU4=
